
Microsoft Visual Studio Solution File, Format Version 12.00
# Visual Studio Version 17
VisualStudioVersion = 17.5.2.0
MinimumVisualStudioVersion = 10.0.40219.1
Project("{2150E333-8FDC-42A3-9474-1A3956D46DE8}") = "src", "src", "{827E0CD3-B72D-47B6-A68D-7590B98EB39B}"
EndProject
Project("{FAE04EC0-301F-11D3-BF4B-00C04F79EFBC}") = "tapir.Cli", "src\tapir.Cli\tapir.Cli.csproj", "{7881153B-3032-3A02-E294-D3BFB3053510}"
EndProject
Project("{FAE04EC0-301F-11D3-BF4B-00C04F79EFBC}") = "tapir.Tests", "src\tapir.Tests\tapir.Tests.csproj", "{C1C05C7B-280B-C763-A85E-1896A6DD45C8}"
EndProject
Project("{2150E333-8FDC-42A3-9474-1A3956D46DE8}") = "build", "build", "{DEE5DD87-39C1-BF34-B639-A387DCCF972B}"
EndProject
Project("{FAE04EC0-301F-11D3-BF4B-00C04F79EFBC}") = "targets", "build\targets.csproj", "{75423856-FB81-4449-92B7-CE4B286E822F}"
EndProject
Global
	GlobalSection(SolutionConfigurationPlatforms) = preSolution
		Debug|Any CPU = Debug|Any CPU
		Debug|x64 = Debug|x64
		Debug|x86 = Debug|x86
		Release|Any CPU = Release|Any CPU
		Release|x64 = Release|x64
		Release|x86 = Release|x86
	EndGlobalSection
	GlobalSection(ProjectConfigurationPlatforms) = postSolution
		{7881153B-3032-3A02-E294-D3BFB3053510}.Debug|Any CPU.ActiveCfg = Debug|Any CPU
		{7881153B-3032-3A02-E294-D3BFB3053510}.Debug|Any CPU.Build.0 = Debug|Any CPU
		{7881153B-3032-3A02-E294-D3BFB3053510}.Debug|x64.ActiveCfg = Debug|Any CPU
		{7881153B-3032-3A02-E294-D3BFB3053510}.Debug|x64.Build.0 = Debug|Any CPU
		{7881153B-3032-3A02-E294-D3BFB3053510}.Debug|x86.ActiveCfg = Debug|Any CPU
		{7881153B-3032-3A02-E294-D3BFB3053510}.Debug|x86.Build.0 = Debug|Any CPU
		{7881153B-3032-3A02-E294-D3BFB3053510}.Release|Any CPU.ActiveCfg = Release|Any CPU
		{7881153B-3032-3A02-E294-D3BFB3053510}.Release|Any CPU.Build.0 = Release|Any CPU
		{7881153B-3032-3A02-E294-D3BFB3053510}.Release|x64.ActiveCfg = Release|Any CPU
		{7881153B-3032-3A02-E294-D3BFB3053510}.Release|x64.Build.0 = Release|Any CPU
		{7881153B-3032-3A02-E294-D3BFB3053510}.Release|x86.ActiveCfg = Release|Any CPU
		{7881153B-3032-3A02-E294-D3BFB3053510}.Release|x86.Build.0 = Release|Any CPU
		{C1C05C7B-280B-C763-A85E-1896A6DD45C8}.Debug|Any CPU.ActiveCfg = Debug|Any CPU
		{C1C05C7B-280B-C763-A85E-1896A6DD45C8}.Debug|Any CPU.Build.0 = Debug|Any CPU
		{C1C05C7B-280B-C763-A85E-1896A6DD45C8}.Debug|x64.ActiveCfg = Debug|Any CPU
		{C1C05C7B-280B-C763-A85E-1896A6DD45C8}.Debug|x64.Build.0 = Debug|Any CPU
		{C1C05C7B-280B-C763-A85E-1896A6DD45C8}.Debug|x86.ActiveCfg = Debug|Any CPU
		{C1C05C7B-280B-C763-A85E-1896A6DD45C8}.Debug|x86.Build.0 = Debug|Any CPU
		{C1C05C7B-280B-C763-A85E-1896A6DD45C8}.Release|Any CPU.ActiveCfg = Release|Any CPU
		{C1C05C7B-280B-C763-A85E-1896A6DD45C8}.Release|Any CPU.Build.0 = Release|Any CPU
		{C1C05C7B-280B-C763-A85E-1896A6DD45C8}.Release|x64.ActiveCfg = Release|Any CPU
		{C1C05C7B-280B-C763-A85E-1896A6DD45C8}.Release|x64.Build.0 = Release|Any CPU
		{C1C05C7B-280B-C763-A85E-1896A6DD45C8}.Release|x86.ActiveCfg = Release|Any CPU
		{C1C05C7B-280B-C763-A85E-1896A6DD45C8}.Release|x86.Build.0 = Release|Any CPU
		{75423856-FB81-4449-92B7-CE4B286E822F}.Debug|Any CPU.ActiveCfg = Debug|Any CPU
		{75423856-FB81-4449-92B7-CE4B286E822F}.Debug|Any CPU.Build.0 = Debug|Any CPU
		{75423856-FB81-4449-92B7-CE4B286E822F}.Debug|x64.ActiveCfg = Debug|Any CPU
		{75423856-FB81-4449-92B7-CE4B286E822F}.Debug|x64.Build.0 = Debug|Any CPU
		{75423856-FB81-4449-92B7-CE4B286E822F}.Debug|x86.ActiveCfg = Debug|Any CPU
		{75423856-FB81-4449-92B7-CE4B286E822F}.Debug|x86.Build.0 = Debug|Any CPU
		{75423856-FB81-4449-92B7-CE4B286E822F}.Release|Any CPU.ActiveCfg = Release|Any CPU
		{75423856-FB81-4449-92B7-CE4B286E822F}.Release|Any CPU.Build.0 = Release|Any CPU
		{75423856-FB81-4449-92B7-CE4B286E822F}.Release|x64.ActiveCfg = Release|Any CPU
		{75423856-FB81-4449-92B7-CE4B286E822F}.Release|x64.Build.0 = Release|Any CPU
		{75423856-FB81-4449-92B7-CE4B286E822F}.Release|x86.ActiveCfg = Release|Any CPU
		{75423856-FB81-4449-92B7-CE4B286E822F}.Release|x86.Build.0 = Release|Any CPU
	EndGlobalSection
	GlobalSection(SolutionProperties) = preSolution
		HideSolutionNode = FALSE
	EndGlobalSection
	GlobalSection(NestedProjects) = preSolution
		{7881153B-3032-3A02-E294-D3BFB3053510} = {827E0CD3-B72D-47B6-A68D-7590B98EB39B}
		{C1C05C7B-280B-C763-A85E-1896A6DD45C8} = {827E0CD3-B72D-47B6-A68D-7590B98EB39B}
		{75423856-FB81-4449-92B7-CE4B286E822F} = {DEE5DD87-39C1-BF34-B639-A387DCCF972B}
	EndGlobalSection
	GlobalSection(ExtensibilityGlobals) = postSolution
		SolutionGuid = {DD759996-22AA-49DE-AC11-4E016EF232F9}
	EndGlobalSection
EndGlobal
